// !$*UTF8*$!
{
	archiveVersion = 1;
	classes = {
	};
	objectVersion = 50;
	objects = {

/* Begin PBXBuildFile section */
		1764DF4695794763F14881A4 /* Pods_instagramClone.framework in Frameworks */ = {isa = PBXBuildFile; fileRef = AF368C0000254D625D6A0D03 /* Pods_instagramClone.framework */; };
		B008B4DA22483A4B00CA6A61 /* MainTabVC.swift in Sources */ = {isa = PBXBuildFile; fileRef = B008B4D922483A4B00CA6A61 /* MainTabVC.swift */; };
		B008B4DC2248685200CA6A61 /* FeedVC.swift in Sources */ = {isa = PBXBuildFile; fileRef = B008B4DB2248685200CA6A61 /* FeedVC.swift */; };
		B008B4DE2248687A00CA6A61 /* SearchVC.swift in Sources */ = {isa = PBXBuildFile; fileRef = B008B4DD2248687A00CA6A61 /* SearchVC.swift */; };
		B008B4E02248689B00CA6A61 /* UploadPostVC.swift in Sources */ = {isa = PBXBuildFile; fileRef = B008B4DF2248689B00CA6A61 /* UploadPostVC.swift */; };
		B008B4E22248690A00CA6A61 /* NotificationsVC.swift in Sources */ = {isa = PBXBuildFile; fileRef = B008B4E12248690A00CA6A61 /* NotificationsVC.swift */; };
		B008B4E42248692500CA6A61 /* UserProfileVC.swift in Sources */ = {isa = PBXBuildFile; fileRef = B008B4E32248692500CA6A61 /* UserProfileVC.swift */; };
		B008B4EC22488D9A00CA6A61 /* UserProfileHeader.swift in Sources */ = {isa = PBXBuildFile; fileRef = B008B4EB22488D9A00CA6A61 /* UserProfileHeader.swift */; };
		B009D6572253FA5B009B4AB5 /* SearchPostCell.swift in Sources */ = {isa = PBXBuildFile; fileRef = B009D6562253FA5B009B4AB5 /* SearchPostCell.swift */; };
		B009D65A22540A54009B4AB5 /* MessagesController.swift in Sources */ = {isa = PBXBuildFile; fileRef = B009D65922540A54009B4AB5 /* MessagesController.swift */; };
		B009D65D22541716009B4AB5 /* MessagesCell.swift in Sources */ = {isa = PBXBuildFile; fileRef = B009D65C22541716009B4AB5 /* MessagesCell.swift */; };
		B009D65F22542471009B4AB5 /* NewMessageController.swift in Sources */ = {isa = PBXBuildFile; fileRef = B009D65E22542471009B4AB5 /* NewMessageController.swift */; };
		B009D66122542649009B4AB5 /* NewMessageCell.swift in Sources */ = {isa = PBXBuildFile; fileRef = B009D66022542649009B4AB5 /* NewMessageCell.swift */; };
		B009D66322542FC0009B4AB5 /* Message.swift in Sources */ = {isa = PBXBuildFile; fileRef = B009D66222542FC0009B4AB5 /* Message.swift */; };
		B009D6652254366B009B4AB5 /* ChatController.swift in Sources */ = {isa = PBXBuildFile; fileRef = B009D6642254366B009B4AB5 /* ChatController.swift */; };
		B009D66722543839009B4AB5 /* ChatCell.swift in Sources */ = {isa = PBXBuildFile; fileRef = B009D66622543839009B4AB5 /* ChatCell.swift */; };
		B009D66B225558E4009B4AB5 /* HashtagController.swift in Sources */ = {isa = PBXBuildFile; fileRef = B009D66A225558E4009B4AB5 /* HashtagController.swift */; };
		B009D66F22555C37009B4AB5 /* HashtagCell.swift in Sources */ = {isa = PBXBuildFile; fileRef = B009D66E22555C37009B4AB5 /* HashtagCell.swift */; };
		B02FBBFB224B96D300DC341C /* User.swift in Sources */ = {isa = PBXBuildFile; fileRef = B02FBBFA224B96D300DC341C /* User.swift */; };
		B02FBBFD224C38CB00DC341C /* SearchUserCell.swift in Sources */ = {isa = PBXBuildFile; fileRef = B02FBBFC224C38CB00DC341C /* SearchUserCell.swift */; };
		B05D8246224F154E00B3B30C /* Post.swift in Sources */ = {isa = PBXBuildFile; fileRef = B05D8245224F154E00B3B30C /* Post.swift */; };
		B05D8248224F2ADC00B3B30C /* UserPostCell.swift in Sources */ = {isa = PBXBuildFile; fileRef = B05D8247224F2ADC00B3B30C /* UserPostCell.swift */; };
		B05D824A224F3FAE00B3B30C /* CustomImageView.swift in Sources */ = {isa = PBXBuildFile; fileRef = B05D8249224F3FAE00B3B30C /* CustomImageView.swift */; };
		B05D824C224F58BA00B3B30C /* FeedCell.swift in Sources */ = {isa = PBXBuildFile; fileRef = B05D824B224F58BA00B3B30C /* FeedCell.swift */; };
		B068303322516DB9000B9EF4 /* CommentVC.swift in Sources */ = {isa = PBXBuildFile; fileRef = B068303222516DB9000B9EF4 /* CommentVC.swift */; };
		B068303522516F86000B9EF4 /* CommentCell.swift in Sources */ = {isa = PBXBuildFile; fileRef = B068303422516F86000B9EF4 /* CommentCell.swift */; };
		B06830372251BF6A000B9EF4 /* Comment.swift in Sources */ = {isa = PBXBuildFile; fileRef = B06830362251BF6A000B9EF4 /* Comment.swift */; };
		B068303B2251E63D000B9EF4 /* NotificationCell.swift in Sources */ = {isa = PBXBuildFile; fileRef = B068303A2251E63D000B9EF4 /* NotificationCell.swift */; };
		B07240532245F02C009407A1 /* SignUpVC.swift in Sources */ = {isa = PBXBuildFile; fileRef = B07240522245F02C009407A1 /* SignUpVC.swift */; };
		B072405522460472009407A1 /* GoogleService-Info.plist in Resources */ = {isa = PBXBuildFile; fileRef = B072405422460472009407A1 /* GoogleService-Info.plist */; };
		B0A8CB5622420E5D005C8958 /* AppDelegate.swift in Sources */ = {isa = PBXBuildFile; fileRef = B0A8CB5522420E5D005C8958 /* AppDelegate.swift */; };
		B0A8CB5B22420E5D005C8958 /* Main.storyboard in Resources */ = {isa = PBXBuildFile; fileRef = B0A8CB5922420E5D005C8958 /* Main.storyboard */; };
		B0A8CB5D22420E5E005C8958 /* Assets.xcassets in Resources */ = {isa = PBXBuildFile; fileRef = B0A8CB5C22420E5E005C8958 /* Assets.xcassets */; };
		B0A8CB6022420E5E005C8958 /* LaunchScreen.storyboard in Resources */ = {isa = PBXBuildFile; fileRef = B0A8CB5E22420E5E005C8958 /* LaunchScreen.storyboard */; };
		B0A8CB6B22420F39005C8958 /* LoginVC.swift in Sources */ = {isa = PBXBuildFile; fileRef = B0A8CB6A22420F39005C8958 /* LoginVC.swift */; };
		B0A8CB6E224215D5005C8958 /* Extensions.swift in Sources */ = {isa = PBXBuildFile; fileRef = B0A8CB6D224215D5005C8958 /* Extensions.swift */; };
		B0A8CB702242418A005C8958 /* Constants.swift in Sources */ = {isa = PBXBuildFile; fileRef = B0A8CB6F2242418A005C8958 /* Constants.swift */; };
		B0BD548F224DE2B700013DD7 /* SelectImageVC.swift in Sources */ = {isa = PBXBuildFile; fileRef = B0BD548E224DE2B700013DD7 /* SelectImageVC.swift */; };
		B0BD5493224DE5A200013DD7 /* SelectPhotoCell.swift in Sources */ = {isa = PBXBuildFile; fileRef = B0BD5492224DE5A200013DD7 /* SelectPhotoCell.swift */; };
		B0BD5495224DE6AD00013DD7 /* SelectPhotoHeader.swift in Sources */ = {isa = PBXBuildFile; fileRef = B0BD5494224DE6AD00013DD7 /* SelectPhotoHeader.swift */; };
		B0CFE69B224C642100CA2A2D /* Protocols.swift in Sources */ = {isa = PBXBuildFile; fileRef = B0CFE69A224C642100CA2A2D /* Protocols.swift */; };
		B0CFE69D224CD71300CA2A2D /* FollowLikeVC.swift in Sources */ = {isa = PBXBuildFile; fileRef = B0CFE69C224CD71300CA2A2D /* FollowLikeVC.swift */; };
		B0CFE69F224CD90C00CA2A2D /* FollowLikeCell.swift in Sources */ = {isa = PBXBuildFile; fileRef = B0CFE69E224CD90C00CA2A2D /* FollowLikeCell.swift */; };
		B0DD32C222522363001FA25F /* Notification.swift in Sources */ = {isa = PBXBuildFile; fileRef = B0DD32C122522363001FA25F /* Notification.swift */; };
/* End PBXBuildFile section */

/* Begin PBXFileReference section */
		516D50CF89B4E75048C1D8D1 /* Pods-instagramClone.debug.xcconfig */ = {isa = PBXFileReference; includeInIndex = 1; lastKnownFileType = text.xcconfig; name = "Pods-instagramClone.debug.xcconfig"; path = "Pods/Target Support Files/Pods-instagramClone/Pods-instagramClone.debug.xcconfig"; sourceTree = "<group>"; };
		AF368C0000254D625D6A0D03 /* Pods_instagramClone.framework */ = {isa = PBXFileReference; explicitFileType = wrapper.framework; includeInIndex = 0; path = Pods_instagramClone.framework; sourceTree = BUILT_PRODUCTS_DIR; };
		B008B4D922483A4B00CA6A61 /* MainTabVC.swift */ = {isa = PBXFileReference; lastKnownFileType = sourcecode.swift; path = MainTabVC.swift; sourceTree = "<group>"; };
		B008B4DB2248685200CA6A61 /* FeedVC.swift */ = {isa = PBXFileReference; lastKnownFileType = sourcecode.swift; path = FeedVC.swift; sourceTree = "<group>"; };
		B008B4DD2248687A00CA6A61 /* SearchVC.swift */ = {isa = PBXFileReference; lastKnownFileType = sourcecode.swift; path = SearchVC.swift; sourceTree = "<group>"; };
		B008B4DF2248689B00CA6A61 /* UploadPostVC.swift */ = {isa = PBXFileReference; lastKnownFileType = sourcecode.swift; path = UploadPostVC.swift; sourceTree = "<group>"; };
		B008B4E12248690A00CA6A61 /* NotificationsVC.swift */ = {isa = PBXFileReference; lastKnownFileType = sourcecode.swift; path = NotificationsVC.swift; sourceTree = "<group>"; };
		B008B4E32248692500CA6A61 /* UserProfileVC.swift */ = {isa = PBXFileReference; lastKnownFileType = sourcecode.swift; path = UserProfileVC.swift; sourceTree = "<group>"; };
		B008B4EB22488D9A00CA6A61 /* UserProfileHeader.swift */ = {isa = PBXFileReference; lastKnownFileType = sourcecode.swift; path = UserProfileHeader.swift; sourceTree = "<group>"; };
		B009D6562253FA5B009B4AB5 /* SearchPostCell.swift */ = {isa = PBXFileReference; lastKnownFileType = sourcecode.swift; path = SearchPostCell.swift; sourceTree = "<group>"; };
		B009D65922540A54009B4AB5 /* MessagesController.swift */ = {isa = PBXFileReference; lastKnownFileType = sourcecode.swift; path = MessagesController.swift; sourceTree = "<group>"; };
		B009D65C22541716009B4AB5 /* MessagesCell.swift */ = {isa = PBXFileReference; lastKnownFileType = sourcecode.swift; path = MessagesCell.swift; sourceTree = "<group>"; };
		B009D65E22542471009B4AB5 /* NewMessageController.swift */ = {isa = PBXFileReference; lastKnownFileType = sourcecode.swift; path = NewMessageController.swift; sourceTree = "<group>"; };
		B009D66022542649009B4AB5 /* NewMessageCell.swift */ = {isa = PBXFileReference; lastKnownFileType = sourcecode.swift; path = NewMessageCell.swift; sourceTree = "<group>"; };
		B009D66222542FC0009B4AB5 /* Message.swift */ = {isa = PBXFileReference; lastKnownFileType = sourcecode.swift; path = Message.swift; sourceTree = "<group>"; };
		B009D6642254366B009B4AB5 /* ChatController.swift */ = {isa = PBXFileReference; lastKnownFileType = sourcecode.swift; path = ChatController.swift; sourceTree = "<group>"; };
		B009D66622543839009B4AB5 /* ChatCell.swift */ = {isa = PBXFileReference; lastKnownFileType = sourcecode.swift; path = ChatCell.swift; sourceTree = "<group>"; };
		B009D66A225558E4009B4AB5 /* HashtagController.swift */ = {isa = PBXFileReference; lastKnownFileType = sourcecode.swift; path = HashtagController.swift; sourceTree = "<group>"; };
		B009D66E22555C37009B4AB5 /* HashtagCell.swift */ = {isa = PBXFileReference; lastKnownFileType = sourcecode.swift; path = HashtagCell.swift; sourceTree = "<group>"; };
		B02FBBFA224B96D300DC341C /* User.swift */ = {isa = PBXFileReference; lastKnownFileType = sourcecode.swift; path = User.swift; sourceTree = "<group>"; };
		B02FBBFC224C38CB00DC341C /* SearchUserCell.swift */ = {isa = PBXFileReference; lastKnownFileType = sourcecode.swift; path = SearchUserCell.swift; sourceTree = "<group>"; };
		B05D8245224F154E00B3B30C /* Post.swift */ = {isa = PBXFileReference; lastKnownFileType = sourcecode.swift; path = Post.swift; sourceTree = "<group>"; };
		B05D8247224F2ADC00B3B30C /* UserPostCell.swift */ = {isa = PBXFileReference; lastKnownFileType = sourcecode.swift; path = UserPostCell.swift; sourceTree = "<group>"; };
		B05D8249224F3FAE00B3B30C /* CustomImageView.swift */ = {isa = PBXFileReference; lastKnownFileType = sourcecode.swift; path = CustomImageView.swift; sourceTree = "<group>"; };
		B05D824B224F58BA00B3B30C /* FeedCell.swift */ = {isa = PBXFileReference; lastKnownFileType = sourcecode.swift; path = FeedCell.swift; sourceTree = "<group>"; };
		B068303222516DB9000B9EF4 /* CommentVC.swift */ = {isa = PBXFileReference; lastKnownFileType = sourcecode.swift; path = CommentVC.swift; sourceTree = "<group>"; };
		B068303422516F86000B9EF4 /* CommentCell.swift */ = {isa = PBXFileReference; lastKnownFileType = sourcecode.swift; path = CommentCell.swift; sourceTree = "<group>"; };
		B06830362251BF6A000B9EF4 /* Comment.swift */ = {isa = PBXFileReference; lastKnownFileType = sourcecode.swift; path = Comment.swift; sourceTree = "<group>"; };
		B068303A2251E63D000B9EF4 /* NotificationCell.swift */ = {isa = PBXFileReference; lastKnownFileType = sourcecode.swift; path = NotificationCell.swift; sourceTree = "<group>"; };
		B07240522245F02C009407A1 /* SignUpVC.swift */ = {isa = PBXFileReference; lastKnownFileType = sourcecode.swift; path = SignUpVC.swift; sourceTree = "<group>"; };
		B072405422460472009407A1 /* GoogleService-Info.plist */ = {isa = PBXFileReference; fileEncoding = 4; lastKnownFileType = text.plist.xml; path = "GoogleService-Info.plist"; sourceTree = "<group>"; };
		B0A8CB5222420E5D005C8958 /* instagramClone.app */ = {isa = PBXFileReference; explicitFileType = wrapper.application; includeInIndex = 0; path = instagramClone.app; sourceTree = BUILT_PRODUCTS_DIR; };
		B0A8CB5522420E5D005C8958 /* AppDelegate.swift */ = {isa = PBXFileReference; lastKnownFileType = sourcecode.swift; path = AppDelegate.swift; sourceTree = "<group>"; };
		B0A8CB5A22420E5D005C8958 /* Base */ = {isa = PBXFileReference; lastKnownFileType = file.storyboard; name = Base; path = Base.lproj/Main.storyboard; sourceTree = "<group>"; };
		B0A8CB5C22420E5E005C8958 /* Assets.xcassets */ = {isa = PBXFileReference; lastKnownFileType = folder.assetcatalog; path = Assets.xcassets; sourceTree = "<group>"; };
		B0A8CB5F22420E5E005C8958 /* Base */ = {isa = PBXFileReference; lastKnownFileType = file.storyboard; name = Base; path = Base.lproj/LaunchScreen.storyboard; sourceTree = "<group>"; };
		B0A8CB6122420E5E005C8958 /* Info.plist */ = {isa = PBXFileReference; lastKnownFileType = text.plist.xml; path = Info.plist; sourceTree = "<group>"; };
		B0A8CB6A22420F39005C8958 /* LoginVC.swift */ = {isa = PBXFileReference; lastKnownFileType = sourcecode.swift; path = LoginVC.swift; sourceTree = "<group>"; };
		B0A8CB6D224215D5005C8958 /* Extensions.swift */ = {isa = PBXFileReference; lastKnownFileType = sourcecode.swift; path = Extensions.swift; sourceTree = "<group>"; };
		B0A8CB6F2242418A005C8958 /* Constants.swift */ = {isa = PBXFileReference; lastKnownFileType = sourcecode.swift; path = Constants.swift; sourceTree = "<group>"; };
		B0BD548E224DE2B700013DD7 /* SelectImageVC.swift */ = {isa = PBXFileReference; lastKnownFileType = sourcecode.swift; path = SelectImageVC.swift; sourceTree = "<group>"; };
		B0BD5492224DE5A200013DD7 /* SelectPhotoCell.swift */ = {isa = PBXFileReference; lastKnownFileType = sourcecode.swift; path = SelectPhotoCell.swift; sourceTree = "<group>"; };
		B0BD5494224DE6AD00013DD7 /* SelectPhotoHeader.swift */ = {isa = PBXFileReference; lastKnownFileType = sourcecode.swift; path = SelectPhotoHeader.swift; sourceTree = "<group>"; };
		B0CFE69A224C642100CA2A2D /* Protocols.swift */ = {isa = PBXFileReference; lastKnownFileType = sourcecode.swift; path = Protocols.swift; sourceTree = "<group>"; };
		B0CFE69C224CD71300CA2A2D /* FollowLikeVC.swift */ = {isa = PBXFileReference; lastKnownFileType = sourcecode.swift; path = FollowLikeVC.swift; sourceTree = "<group>"; };
		B0CFE69E224CD90C00CA2A2D /* FollowLikeCell.swift */ = {isa = PBXFileReference; lastKnownFileType = sourcecode.swift; path = FollowLikeCell.swift; sourceTree = "<group>"; };
		B0DD32C122522363001FA25F /* Notification.swift */ = {isa = PBXFileReference; lastKnownFileType = sourcecode.swift; path = Notification.swift; sourceTree = "<group>"; };
		D5825C4F80E5E242D2FD2941 /* Pods-instagramClone.release.xcconfig */ = {isa = PBXFileReference; includeInIndex = 1; lastKnownFileType = text.xcconfig; name = "Pods-instagramClone.release.xcconfig"; path = "Pods/Target Support Files/Pods-instagramClone/Pods-instagramClone.release.xcconfig"; sourceTree = "<group>"; };
/* End PBXFileReference section */

/* Begin PBXFrameworksBuildPhase section */
		B0A8CB4F22420E5D005C8958 /* Frameworks */ = {
			isa = PBXFrameworksBuildPhase;
			buildActionMask = 2147483647;
			files = (
				1764DF4695794763F14881A4 /* Pods_instagramClone.framework in Frameworks */,
			);
			runOnlyForDeploymentPostprocessing = 0;
		};
/* End PBXFrameworksBuildPhase section */

/* Begin PBXGroup section */
		04AFBC47E9DBE87901EA6CF0 /* Pods */ = {
			isa = PBXGroup;
			children = (
				516D50CF89B4E75048C1D8D1 /* Pods-instagramClone.debug.xcconfig */,
				D5825C4F80E5E242D2FD2941 /* Pods-instagramClone.release.xcconfig */,
			);
			name = Pods;
			sourceTree = "<group>";
		};
		2DA5440A950905882AE4046E /* Frameworks */ = {
			isa = PBXGroup;
			children = (
				AF368C0000254D625D6A0D03 /* Pods_instagramClone.framework */,
			);
			name = Frameworks;
			sourceTree = "<group>";
		};
		B008B4E52248747700CA6A61 /* Feed */ = {
			isa = PBXGroup;
			children = (
				B008B4DB2248685200CA6A61 /* FeedVC.swift */,
				B068303222516DB9000B9EF4 /* CommentVC.swift */,
				B009D66A225558E4009B4AB5 /* HashtagController.swift */,
			);
			path = Feed;
			sourceTree = "<group>";
		};
		B008B4E62248749600CA6A61 /* Login */ = {
			isa = PBXGroup;
			children = (
				B0A8CB6A22420F39005C8958 /* LoginVC.swift */,
				B07240522245F02C009407A1 /* SignUpVC.swift */,
			);
			path = Login;
			sourceTree = "<group>";
		};
		B008B4E7224874B600CA6A61 /* UserProfile */ = {
			isa = PBXGroup;
			children = (
				B008B4E32248692500CA6A61 /* UserProfileVC.swift */,
				B0CFE69C224CD71300CA2A2D /* FollowLikeVC.swift */,
			);
			path = UserProfile;
			sourceTree = "<group>";
		};
		B008B4E8224874D300CA6A61 /* Search */ = {
			isa = PBXGroup;
			children = (
				B008B4DD2248687A00CA6A61 /* SearchVC.swift */,
			);
			path = Search;
			sourceTree = "<group>";
		};
		B008B4E9224874E100CA6A61 /* UploadPost */ = {
			isa = PBXGroup;
			children = (
				B008B4DF2248689B00CA6A61 /* UploadPostVC.swift */,
				B0BD548E224DE2B700013DD7 /* SelectImageVC.swift */,
			);
			path = UploadPost;
			sourceTree = "<group>";
		};
		B008B4EA224874EE00CA6A61 /* Notifications */ = {
			isa = PBXGroup;
			children = (
				B008B4E12248690A00CA6A61 /* NotificationsVC.swift */,
			);
			path = Notifications;
			sourceTree = "<group>";
		};
		B009D658225409BF009B4AB5 /* Messages */ = {
			isa = PBXGroup;
			children = (
				B009D65922540A54009B4AB5 /* MessagesController.swift */,
				B009D65E22542471009B4AB5 /* NewMessageController.swift */,
				B009D6642254366B009B4AB5 /* ChatController.swift */,
			);
			path = Messages;
			sourceTree = "<group>";
		};
		B009D65B225416E7009B4AB5 /* Messages */ = {
			isa = PBXGroup;
			children = (
				B009D65C22541716009B4AB5 /* MessagesCell.swift */,
				B009D66022542649009B4AB5 /* NewMessageCell.swift */,
				B009D66622543839009B4AB5 /* ChatCell.swift */,
			);
			path = Messages;
			sourceTree = "<group>";
		};
		B0A8CB4922420E5D005C8958 = {
			isa = PBXGroup;
			children = (
				B0A8CB5422420E5D005C8958 /* instagramClone */,
				B0A8CB5322420E5D005C8958 /* Products */,
				04AFBC47E9DBE87901EA6CF0 /* Pods */,
				2DA5440A950905882AE4046E /* Frameworks */,
			);
			sourceTree = "<group>";
		};
		B0A8CB5322420E5D005C8958 /* Products */ = {
			isa = PBXGroup;
			children = (
				B0A8CB5222420E5D005C8958 /* instagramClone.app */,
			);
			name = Products;
			sourceTree = "<group>";
		};
		B0A8CB5422420E5D005C8958 /* instagramClone */ = {
			isa = PBXGroup;
			children = (
				B0A8CB6C224215C0005C8958 /* Utils */,
				B0A8CB6722420E6B005C8958 /* Model */,
				B0A8CB6822420E79005C8958 /* View */,
				B0A8CB6922420E7F005C8958 /* Controller */,
				B0A8CB5522420E5D005C8958 /* AppDelegate.swift */,
				B0A8CB5922420E5D005C8958 /* Main.storyboard */,
				B0A8CB5C22420E5E005C8958 /* Assets.xcassets */,
				B0A8CB5E22420E5E005C8958 /* LaunchScreen.storyboard */,
				B0A8CB6122420E5E005C8958 /* Info.plist */,
				B072405422460472009407A1 /* GoogleService-Info.plist */,
			);
			path = instagramClone;
			sourceTree = "<group>";
		};
		B0A8CB6722420E6B005C8958 /* Model */ = {
			isa = PBXGroup;
			children = (
				B02FBBFA224B96D300DC341C /* User.swift */,
				B05D8245224F154E00B3B30C /* Post.swift */,
				B06830362251BF6A000B9EF4 /* Comment.swift */,
				B0DD32C122522363001FA25F /* Notification.swift */,
				B009D66222542FC0009B4AB5 /* Message.swift */,
			);
			path = Model;
			sourceTree = "<group>";
		};
		B0A8CB6822420E79005C8958 /* View */ = {
			isa = PBXGroup;
			children = (
				B009D65B225416E7009B4AB5 /* Messages */,
				B008B4EB22488D9A00CA6A61 /* UserProfileHeader.swift */,
				B02FBBFC224C38CB00DC341C /* SearchUserCell.swift */,
				B0CFE69E224CD90C00CA2A2D /* FollowLikeCell.swift */,
				B0BD5492224DE5A200013DD7 /* SelectPhotoCell.swift */,
				B0BD5494224DE6AD00013DD7 /* SelectPhotoHeader.swift */,
				B05D8247224F2ADC00B3B30C /* UserPostCell.swift */,
				B05D824B224F58BA00B3B30C /* FeedCell.swift */,
				B068303422516F86000B9EF4 /* CommentCell.swift */,
				B068303A2251E63D000B9EF4 /* NotificationCell.swift */,
				B009D6562253FA5B009B4AB5 /* SearchPostCell.swift */,
				B009D66E22555C37009B4AB5 /* HashtagCell.swift */,
			);
			path = View;
			sourceTree = "<group>";
		};
		B0A8CB6922420E7F005C8958 /* Controller */ = {
			isa = PBXGroup;
			children = (
				B008B4E62248749600CA6A61 /* Login */,
				B008B4E52248747700CA6A61 /* Feed */,
				B008B4E8224874D300CA6A61 /* Search */,
				B008B4E9224874E100CA6A61 /* UploadPost */,
				B008B4EA224874EE00CA6A61 /* Notifications */,
				B008B4E7224874B600CA6A61 /* UserProfile */,
				B009D658225409BF009B4AB5 /* Messages */,
				B008B4D922483A4B00CA6A61 /* MainTabVC.swift */,
			);
			path = Controller;
			sourceTree = "<group>";
		};
		B0A8CB6C224215C0005C8958 /* Utils */ = {
			isa = PBXGroup;
			children = (
				B0A8CB6D224215D5005C8958 /* Extensions.swift */,
				B0A8CB6F2242418A005C8958 /* Constants.swift */,
				B0CFE69A224C642100CA2A2D /* Protocols.swift */,
				B05D8249224F3FAE00B3B30C /* CustomImageView.swift */,
			);
			path = Utils;
			sourceTree = "<group>";
		};
/* End PBXGroup section */

/* Begin PBXNativeTarget section */
		B0A8CB5122420E5D005C8958 /* instagramClone */ = {
			isa = PBXNativeTarget;
			buildConfigurationList = B0A8CB6422420E5E005C8958 /* Build configuration list for PBXNativeTarget "instagramClone" */;
			buildPhases = (
				B28CC86152972E57E9B2F090 /* [CP] Check Pods Manifest.lock */,
				B0A8CB4E22420E5D005C8958 /* Sources */,
				B0A8CB4F22420E5D005C8958 /* Frameworks */,
				B0A8CB5022420E5D005C8958 /* Resources */,
				C4F5EBDCC9001C26A7E31335 /* [CP] Embed Pods Frameworks */,
			);
			buildRules = (
			);
			dependencies = (
			);
			name = instagramClone;
			productName = instagramClone;
			productReference = B0A8CB5222420E5D005C8958 /* instagramClone.app */;
			productType = "com.apple.product-type.application";
		};
/* End PBXNativeTarget section */

/* Begin PBXProject section */
		B0A8CB4A22420E5D005C8958 /* Project object */ = {
			isa = PBXProject;
			attributes = {
				LastSwiftUpdateCheck = 1010;
				LastUpgradeCheck = 1010;
				ORGANIZATIONNAME = "Naoki Arakawa";
				TargetAttributes = {
					B0A8CB5122420E5D005C8958 = {
						CreatedOnToolsVersion = 10.1;
					};
				};
			};
			buildConfigurationList = B0A8CB4D22420E5D005C8958 /* Build configuration list for PBXProject "instagramClone" */;
			compatibilityVersion = "Xcode 9.3";
			developmentRegion = en;
			hasScannedForEncodings = 0;
			knownRegions = (
				en,
				Base,
			);
			mainGroup = B0A8CB4922420E5D005C8958;
			productRefGroup = B0A8CB5322420E5D005C8958 /* Products */;
			projectDirPath = "";
			projectRoot = "";
			targets = (
				B0A8CB5122420E5D005C8958 /* instagramClone */,
			);
		};
/* End PBXProject section */

/* Begin PBXResourcesBuildPhase section */
		B0A8CB5022420E5D005C8958 /* Resources */ = {
			isa = PBXResourcesBuildPhase;
			buildActionMask = 2147483647;
			files = (
				B072405522460472009407A1 /* GoogleService-Info.plist in Resources */,
				B0A8CB6022420E5E005C8958 /* LaunchScreen.storyboard in Resources */,
				B0A8CB5D22420E5E005C8958 /* Assets.xcassets in Resources */,
				B0A8CB5B22420E5D005C8958 /* Main.storyboard in Resources */,
			);
			runOnlyForDeploymentPostprocessing = 0;
		};
/* End PBXResourcesBuildPhase section */

/* Begin PBXShellScriptBuildPhase section */
		B28CC86152972E57E9B2F090 /* [CP] Check Pods Manifest.lock */ = {
			isa = PBXShellScriptBuildPhase;
			buildActionMask = 2147483647;
			files = (
			);
			inputFileListPaths = (
			);
			inputPaths = (
				"${PODS_PODFILE_DIR_PATH}/Podfile.lock",
				"${PODS_ROOT}/Manifest.lock",
			);
			name = "[CP] Check Pods Manifest.lock";
			outputFileListPaths = (
			);
			outputPaths = (
				"$(DERIVED_FILE_DIR)/Pods-instagramClone-checkManifestLockResult.txt",
			);
			runOnlyForDeploymentPostprocessing = 0;
			shellPath = /bin/sh;
			shellScript = "diff \"${PODS_PODFILE_DIR_PATH}/Podfile.lock\" \"${PODS_ROOT}/Manifest.lock\" > /dev/null\nif [ $? != 0 ] ; then\n    # print error to STDERR\n    echo \"error: The sandbox is not in sync with the Podfile.lock. Run 'pod install' or update your CocoaPods installation.\" >&2\n    exit 1\nfi\n# This output is used by Xcode 'outputs' to avoid re-running this script phase.\necho \"SUCCESS\" > \"${SCRIPT_OUTPUT_FILE_0}\"\n";
			showEnvVarsInLog = 0;
		};
		C4F5EBDCC9001C26A7E31335 /* [CP] Embed Pods Frameworks */ = {
			isa = PBXShellScriptBuildPhase;
			buildActionMask = 2147483647;
			files = (
			);
			inputFileListPaths = (
			);
			inputPaths = (
				"${SRCROOT}/Pods/Target Support Files/Pods-instagramClone/Pods-instagramClone-frameworks.sh",
				"${BUILT_PRODUCTS_DIR}/ActiveLabel/ActiveLabel.framework",
				"${BUILT_PRODUCTS_DIR}/GTMSessionFetcher/GTMSessionFetcher.framework",
				"${BUILT_PRODUCTS_DIR}/GoogleUtilities/GoogleUtilities.framework",
				"${BUILT_PRODUCTS_DIR}/Protobuf/Protobuf.framework",
				"${BUILT_PRODUCTS_DIR}/leveldb-library/leveldb.framework",
				"${BUILT_PRODUCTS_DIR}/nanopb/nanopb.framework",
			);
			name = "[CP] Embed Pods Frameworks";
			outputFileListPaths = (
			);
			outputPaths = (
				"${TARGET_BUILD_DIR}/${FRAMEWORKS_FOLDER_PATH}/ActiveLabel.framework",
				"${TARGET_BUILD_DIR}/${FRAMEWORKS_FOLDER_PATH}/GTMSessionFetcher.framework",
				"${TARGET_BUILD_DIR}/${FRAMEWORKS_FOLDER_PATH}/GoogleUtilities.framework",
				"${TARGET_BUILD_DIR}/${FRAMEWORKS_FOLDER_PATH}/Protobuf.framework",
				"${TARGET_BUILD_DIR}/${FRAMEWORKS_FOLDER_PATH}/leveldb.framework",
				"${TARGET_BUILD_DIR}/${FRAMEWORKS_FOLDER_PATH}/nanopb.framework",
			);
			runOnlyForDeploymentPostprocessing = 0;
			shellPath = /bin/sh;
			shellScript = "\"${SRCROOT}/Pods/Target Support Files/Pods-instagramClone/Pods-instagramClone-frameworks.sh\"\n";
			showEnvVarsInLog = 0;
		};
/* End PBXShellScriptBuildPhase section */

/* Begin PBXSourcesBuildPhase section */
		B0A8CB4E22420E5D005C8958 /* Sources */ = {
			isa = PBXSourcesBuildPhase;
			buildActionMask = 2147483647;
			files = (
				B0BD548F224DE2B700013DD7 /* SelectImageVC.swift in Sources */,
				B0BD5495224DE6AD00013DD7 /* SelectPhotoHeader.swift in Sources */,
				B05D824A224F3FAE00B3B30C /* CustomImageView.swift in Sources */,
				B0CFE69B224C642100CA2A2D /* Protocols.swift in Sources */,
				B009D6572253FA5B009B4AB5 /* SearchPostCell.swift in Sources */,
				B009D65D22541716009B4AB5 /* MessagesCell.swift in Sources */,
				B02FBBFD224C38CB00DC341C /* SearchUserCell.swift in Sources */,
				B05D824C224F58BA00B3B30C /* FeedCell.swift in Sources */,
				B068303322516DB9000B9EF4 /* CommentVC.swift in Sources */,
				B02FBBFB224B96D300DC341C /* User.swift in Sources */,
				B0A8CB6B22420F39005C8958 /* LoginVC.swift in Sources */,
				B008B4E22248690A00CA6A61 /* NotificationsVC.swift in Sources */,
				B009D66122542649009B4AB5 /* NewMessageCell.swift in Sources */,
				B008B4DC2248685200CA6A61 /* FeedVC.swift in Sources */,
				B0BD5493224DE5A200013DD7 /* SelectPhotoCell.swift in Sources */,
				B009D65F22542471009B4AB5 /* NewMessageController.swift in Sources */,
				B008B4EC22488D9A00CA6A61 /* UserProfileHeader.swift in Sources */,
				B009D66F22555C37009B4AB5 /* HashtagCell.swift in Sources */,
				B068303522516F86000B9EF4 /* CommentCell.swift in Sources */,
				B05D8248224F2ADC00B3B30C /* UserPostCell.swift in Sources */,
				B008B4DA22483A4B00CA6A61 /* MainTabVC.swift in Sources */,
				B0A8CB6E224215D5005C8958 /* Extensions.swift in Sources */,
				B05D8246224F154E00B3B30C /* Post.swift in Sources */,
				B0A8CB5622420E5D005C8958 /* AppDelegate.swift in Sources */,
				B0CFE69F224CD90C00CA2A2D /* FollowLikeCell.swift in Sources */,
				B068303B2251E63D000B9EF4 /* NotificationCell.swift in Sources */,
				B0DD32C222522363001FA25F /* Notification.swift in Sources */,
				B0CFE69D224CD71300CA2A2D /* FollowLikeVC.swift in Sources */,
				B009D66322542FC0009B4AB5 /* Message.swift in Sources */,
				B07240532245F02C009407A1 /* SignUpVC.swift in Sources */,
				B009D66722543839009B4AB5 /* ChatCell.swift in Sources */,
				B008B4DE2248687A00CA6A61 /* SearchVC.swift in Sources */,
				B009D65A22540A54009B4AB5 /* MessagesController.swift in Sources */,
				B008B4E02248689B00CA6A61 /* UploadPostVC.swift in Sources */,
				B008B4E42248692500CA6A61 /* UserProfileVC.swift in Sources */,
				B06830372251BF6A000B9EF4 /* Comment.swift in Sources */,
				B0A8CB702242418A005C8958 /* Constants.swift in Sources */,
				B009D66B225558E4009B4AB5 /* HashtagController.swift in Sources */,
				B009D6652254366B009B4AB5 /* ChatController.swift in Sources */,
			);
			runOnlyForDeploymentPostprocessing = 0;
		};
/* End PBXSourcesBuildPhase section */

/* Begin PBXVariantGroup section */
		B0A8CB5922420E5D005C8958 /* Main.storyboard */ = {
			isa = PBXVariantGroup;
			children = (
				B0A8CB5A22420E5D005C8958 /* Base */,
			);
			name = Main.storyboard;
			sourceTree = "<group>";
		};
		B0A8CB5E22420E5E005C8958 /* LaunchScreen.storyboard */ = {
			isa = PBXVariantGroup;
			children = (
				B0A8CB5F22420E5E005C8958 /* Base */,
			);
			name = LaunchScreen.storyboard;
			sourceTree = "<group>";
		};
/* End PBXVariantGroup section */

/* Begin XCBuildConfiguration section */
		B0A8CB6222420E5E005C8958 /* Debug */ = {
			isa = XCBuildConfiguration;
			buildSettings = {
				ALWAYS_SEARCH_USER_PATHS = NO;
				CLANG_ANALYZER_NONNULL = YES;
				CLANG_ANALYZER_NUMBER_OBJECT_CONVERSION = YES_AGGRESSIVE;
				CLANG_CXX_LANGUAGE_STANDARD = "gnu++14";
				CLANG_CXX_LIBRARY = "libc++";
				CLANG_ENABLE_MODULES = YES;
				CLANG_ENABLE_OBJC_ARC = YES;
				CLANG_ENABLE_OBJC_WEAK = YES;
				CLANG_WARN_BLOCK_CAPTURE_AUTORELEASING = YES;
				CLANG_WARN_BOOL_CONVERSION = YES;
				CLANG_WARN_COMMA = YES;
				CLANG_WARN_CONSTANT_CONVERSION = YES;
				CLANG_WARN_DEPRECATED_OBJC_IMPLEMENTATIONS = YES;
				CLANG_WARN_DIRECT_OBJC_ISA_USAGE = YES_ERROR;
				CLANG_WARN_DOCUMENTATION_COMMENTS = YES;
				CLANG_WARN_EMPTY_BODY = YES;
				CLANG_WARN_ENUM_CONVERSION = YES;
				CLANG_WARN_INFINITE_RECURSION = YES;
				CLANG_WARN_INT_CONVERSION = YES;
				CLANG_WARN_NON_LITERAL_NULL_CONVERSION = YES;
				CLANG_WARN_OBJC_IMPLICIT_RETAIN_SELF = YES;
				CLANG_WARN_OBJC_LITERAL_CONVERSION = YES;
				CLANG_WARN_OBJC_ROOT_CLASS = YES_ERROR;
				CLANG_WARN_RANGE_LOOP_ANALYSIS = YES;
				CLANG_WARN_STRICT_PROTOTYPES = YES;
				CLANG_WARN_SUSPICIOUS_MOVE = YES;
				CLANG_WARN_UNGUARDED_AVAILABILITY = YES_AGGRESSIVE;
				CLANG_WARN_UNREACHABLE_CODE = YES;
				CLANG_WARN__DUPLICATE_METHOD_MATCH = YES;
				CODE_SIGN_IDENTITY = "iPhone Developer";
				COPY_PHASE_STRIP = NO;
				DEBUG_INFORMATION_FORMAT = dwarf;
				ENABLE_STRICT_OBJC_MSGSEND = YES;
				ENABLE_TESTABILITY = YES;
				GCC_C_LANGUAGE_STANDARD = gnu11;
				GCC_DYNAMIC_NO_PIC = NO;
				GCC_NO_COMMON_BLOCKS = YES;
				GCC_OPTIMIZATION_LEVEL = 0;
				GCC_PREPROCESSOR_DEFINITIONS = (
					"DEBUG=1",
					"$(inherited)",
				);
				GCC_WARN_64_TO_32_BIT_CONVERSION = YES;
				GCC_WARN_ABOUT_RETURN_TYPE = YES_ERROR;
				GCC_WARN_UNDECLARED_SELECTOR = YES;
				GCC_WARN_UNINITIALIZED_AUTOS = YES_AGGRESSIVE;
				GCC_WARN_UNUSED_FUNCTION = YES;
				GCC_WARN_UNUSED_VARIABLE = YES;
				IPHONEOS_DEPLOYMENT_TARGET = 12.1;
				MTL_ENABLE_DEBUG_INFO = INCLUDE_SOURCE;
				MTL_FAST_MATH = YES;
				ONLY_ACTIVE_ARCH = YES;
				SDKROOT = iphoneos;
				SWIFT_ACTIVE_COMPILATION_CONDITIONS = DEBUG;
				SWIFT_OPTIMIZATION_LEVEL = "-Onone";
			};
			name = Debug;
		};
		B0A8CB6322420E5E005C8958 /* Release */ = {
			isa = XCBuildConfiguration;
			buildSettings = {
				ALWAYS_SEARCH_USER_PATHS = NO;
				CLANG_ANALYZER_NONNULL = YES;
				CLANG_ANALYZER_NUMBER_OBJECT_CONVERSION = YES_AGGRESSIVE;
				CLANG_CXX_LANGUAGE_STANDARD = "gnu++14";
				CLANG_CXX_LIBRARY = "libc++";
				CLANG_ENABLE_MODULES = YES;
				CLANG_ENABLE_OBJC_ARC = YES;
				CLANG_ENABLE_OBJC_WEAK = YES;
				CLANG_WARN_BLOCK_CAPTURE_AUTORELEASING = YES;
				CLANG_WARN_BOOL_CONVERSION = YES;
				CLANG_WARN_COMMA = YES;
				CLANG_WARN_CONSTANT_CONVERSION = YES;
				CLANG_WARN_DEPRECATED_OBJC_IMPLEMENTATIONS = YES;
				CLANG_WARN_DIRECT_OBJC_ISA_USAGE = YES_ERROR;
				CLANG_WARN_DOCUMENTATION_COMMENTS = YES;
				CLANG_WARN_EMPTY_BODY = YES;
				CLANG_WARN_ENUM_CONVERSION = YES;
				CLANG_WARN_INFINITE_RECURSION = YES;
				CLANG_WARN_INT_CONVERSION = YES;
				CLANG_WARN_NON_LITERAL_NULL_CONVERSION = YES;
				CLANG_WARN_OBJC_IMPLICIT_RETAIN_SELF = YES;
				CLANG_WARN_OBJC_LITERAL_CONVERSION = YES;
				CLANG_WARN_OBJC_ROOT_CLASS = YES_ERROR;
				CLANG_WARN_RANGE_LOOP_ANALYSIS = YES;
				CLANG_WARN_STRICT_PROTOTYPES = YES;
				CLANG_WARN_SUSPICIOUS_MOVE = YES;
				CLANG_WARN_UNGUARDED_AVAILABILITY = YES_AGGRESSIVE;
				CLANG_WARN_UNREACHABLE_CODE = YES;
				CLANG_WARN__DUPLICATE_METHOD_MATCH = YES;
				CODE_SIGN_IDENTITY = "iPhone Developer";
				COPY_PHASE_STRIP = NO;
				DEBUG_INFORMATION_FORMAT = "dwarf-with-dsym";
				ENABLE_NS_ASSERTIONS = NO;
				ENABLE_STRICT_OBJC_MSGSEND = YES;
				GCC_C_LANGUAGE_STANDARD = gnu11;
				GCC_NO_COMMON_BLOCKS = YES;
				GCC_WARN_64_TO_32_BIT_CONVERSION = YES;
				GCC_WARN_ABOUT_RETURN_TYPE = YES_ERROR;
				GCC_WARN_UNDECLARED_SELECTOR = YES;
				GCC_WARN_UNINITIALIZED_AUTOS = YES_AGGRESSIVE;
				GCC_WARN_UNUSED_FUNCTION = YES;
				GCC_WARN_UNUSED_VARIABLE = YES;
				IPHONEOS_DEPLOYMENT_TARGET = 12.1;
				MTL_ENABLE_DEBUG_INFO = NO;
				MTL_FAST_MATH = YES;
				SDKROOT = iphoneos;
				SWIFT_COMPILATION_MODE = wholemodule;
				SWIFT_OPTIMIZATION_LEVEL = "-O";
				VALIDATE_PRODUCT = YES;
			};
			name = Release;
		};
		B0A8CB6522420E5E005C8958 /* Debug */ = {
			isa = XCBuildConfiguration;
			baseConfigurationReference = 516D50CF89B4E75048C1D8D1 /* Pods-instagramClone.debug.xcconfig */;
			buildSettings = {
				ASSETCATALOG_COMPILER_APPICON_NAME = AppIcon;
				CODE_SIGN_STYLE = Automatic;
				DEVELOPMENT_TEAM = DVTF48299S;
				INFOPLIST_FILE = instagramClone/Info.plist;
				LD_RUNPATH_SEARCH_PATHS = (
					"$(inherited)",
					"@executable_path/Frameworks",
				);
				PRODUCT_BUNDLE_IDENTIFIER = com.naokiarakawa.instagramClone;
				PRODUCT_NAME = "$(TARGET_NAME)";
				SWIFT_VERSION = 4.2;
				TARGETED_DEVICE_FAMILY = "1,2";
			};
			name = Debug;
		};
		B0A8CB6622420E5E005C8958 /* Release */ = {
			isa = XCBuildConfiguration;
			baseConfigurationReference = D5825C4F80E5E242D2FD2941 /* Pods-instagramClone.release.xcconfig */;
			buildSettings = {
				ASSETCATALOG_COMPILER_APPICON_NAME = AppIcon;
				CODE_SIGN_STYLE = Automatic;
				DEVELOPMENT_TEAM = DVTF48299S;
				INFOPLIST_FILE = instagramClone/Info.plist;
				LD_RUNPATH_SEARCH_PATHS = (
					"$(inherited)",
					"@executable_path/Frameworks",
				);
				PRODUCT_BUNDLE_IDENTIFIER = com.naokiarakawa.instagramClone;
				PRODUCT_NAME = "$(TARGET_NAME)";
				SWIFT_VERSION = 4.2;
				TARGETED_DEVICE_FAMILY = "1,2";
			};
			name = Release;
		};
/* End XCBuildConfiguration section */

/* Begin XCConfigurationList section */
		B0A8CB4D22420E5D005C8958 /* Build configuration list for PBXProject "instagramClone" */ = {
			isa = XCConfigurationList;
			buildConfigurations = (
				B0A8CB6222420E5E005C8958 /* Debug */,
				B0A8CB6322420E5E005C8958 /* Release */,
			);
			defaultConfigurationIsVisible = 0;
			defaultConfigurationName = Release;
		};
		B0A8CB6422420E5E005C8958 /* Build configuration list for PBXNativeTarget "instagramClone" */ = {
			isa = XCConfigurationList;
			buildConfigurations = (
				B0A8CB6522420E5E005C8958 /* Debug */,
				B0A8CB6622420E5E005C8958 /* Release */,
			);
			defaultConfigurationIsVisible = 0;
			defaultConfigurationName = Release;
		};
/* End XCConfigurationList section */
	};
	rootObject = B0A8CB4A22420E5D005C8958 /* Project object */;
}
